
Microsoft Visual Studio Solution File, Format Version 12.00
# Visual Studio Version 17
VisualStudioVersion = 17.8.34330.188
MinimumVisualStudioVersion = 10.0.40219.1
Project("{9A19103F-16F7-4668-BE54-9A1E7A4F7556}") = "Server", "Server\Server.csproj", "{2068A1A4-620A-4F56-9EA6-D0136B4A322F}"
EndProject
Project("{9A19103F-16F7-4668-BE54-9A1E7A4F7556}") = "Client", "Client\Client.csproj", "{D232DADA-B4AF-422A-BD44-9F77A10C018C}"
EndProject
Project("{FAE04EC0-301F-11D3-BF4B-00C04F79EFBC}") = "NetCommunication", "NetCommunication\NetCommunication.csproj", "{6E2C1DA0-991A-415C-820E-F5660C6C68A8}"
EndProject
Global
	GlobalSection(SolutionConfigurationPlatforms) = preSolution
		Debug|Any CPU = Debug|Any CPU
		Release|Any CPU = Release|Any CPU
	EndGlobalSection
	GlobalSection(ProjectConfigurationPlatforms) = postSolution
		{2068A1A4-620A-4F56-9EA6-D0136B4A322F}.Debug|Any CPU.ActiveCfg = Debug|Any CPU
		{2068A1A4-620A-4F56-9EA6-D0136B4A322F}.Debug|Any CPU.Build.0 = Debug|Any CPU
		{2068A1A4-620A-4F56-9EA6-D0136B4A322F}.Release|Any CPU.ActiveCfg = Release|Any CPU
		{2068A1A4-620A-4F56-9EA6-D0136B4A322F}.Release|Any CPU.Build.0 = Release|Any CPU
		{D232DADA-B4AF-422A-BD44-9F77A10C018C}.Debug|Any CPU.ActiveCfg = Debug|Any CPU
		{D232DADA-B4AF-422A-BD44-9F77A10C018C}.Debug|Any CPU.Build.0 = Debug|Any CPU
		{D232DADA-B4AF-422A-BD44-9F77A10C018C}.Release|Any CPU.ActiveCfg = Release|Any CPU
		{D232DADA-B4AF-422A-BD44-9F77A10C018C}.Release|Any CPU.Build.0 = Release|Any CPU
		{6E2C1DA0-991A-415C-820E-F5660C6C68A8}.Debug|Any CPU.ActiveCfg = Debug|Any CPU
		{6E2C1DA0-991A-415C-820E-F5660C6C68A8}.Debug|Any CPU.Build.0 = Debug|Any CPU
		{6E2C1DA0-991A-415C-820E-F5660C6C68A8}.Release|Any CPU.ActiveCfg = Release|Any CPU
		{6E2C1DA0-991A-415C-820E-F5660C6C68A8}.Release|Any CPU.Build.0 = Release|Any CPU
	EndGlobalSection
	GlobalSection(SolutionProperties) = preSolution
		HideSolutionNode = FALSE
	EndGlobalSection
	GlobalSection(ExtensibilityGlobals) = postSolution
		SolutionGuid = {D4005E56-0C19-4E88-AAAC-AE4E26D62C0A}
	EndGlobalSection
EndGlobal
